
Microsoft Visual Studio Solution File, Format Version 12.00
# Visual Studio 14
VisualStudioVersion = 14.0.24720.0
MinimumVisualStudioVersion = 10.0.40219.1
Project("{F184B08F-C81C-45F6-A57F-5ABD9991F28F}") = "WcfRestfulServiceVoorbeeld", "WcfRestfulServiceVoorbeeld\WcfRestfulServiceVoorbeeld.vbproj", "{390F38C9-CC09-468A-8BBA-FF567A4067CE}"
EndProject
Project("{F184B08F-C81C-45F6-A57F-5ABD9991F28F}") = "HttpWebClient", "HttpWebClient\HttpWebClient.vbproj", "{A471D922-6715-4CF4-83DB-4FCDA6CB5764}"
EndProject
Project("{F184B08F-C81C-45F6-A57F-5ABD9991F28F}") = "SerializationVoorbeeld", "SerializationVoorbeeld\SerializationVoorbeeld.vbproj", "{6608C0A8-3E5B-4045-A85A-3CBF46C3A268}"
EndProject
Global
	GlobalSection(SolutionConfigurationPlatforms) = preSolution
		Debug|Any CPU = Debug|Any CPU
		Release|Any CPU = Release|Any CPU
	EndGlobalSection
	GlobalSection(ProjectConfigurationPlatforms) = postSolution
		{390F38C9-CC09-468A-8BBA-FF567A4067CE}.Debug|Any CPU.ActiveCfg = Debug|Any CPU
		{390F38C9-CC09-468A-8BBA-FF567A4067CE}.Debug|Any CPU.Build.0 = Debug|Any CPU
		{390F38C9-CC09-468A-8BBA-FF567A4067CE}.Release|Any CPU.ActiveCfg = Release|Any CPU
		{390F38C9-CC09-468A-8BBA-FF567A4067CE}.Release|Any CPU.Build.0 = Release|Any CPU
		{A471D922-6715-4CF4-83DB-4FCDA6CB5764}.Debug|Any CPU.ActiveCfg = Debug|Any CPU
		{A471D922-6715-4CF4-83DB-4FCDA6CB5764}.Debug|Any CPU.Build.0 = Debug|Any CPU
		{A471D922-6715-4CF4-83DB-4FCDA6CB5764}.Release|Any CPU.ActiveCfg = Release|Any CPU
		{A471D922-6715-4CF4-83DB-4FCDA6CB5764}.Release|Any CPU.Build.0 = Release|Any CPU
		{6608C0A8-3E5B-4045-A85A-3CBF46C3A268}.Debug|Any CPU.ActiveCfg = Debug|Any CPU
		{6608C0A8-3E5B-4045-A85A-3CBF46C3A268}.Debug|Any CPU.Build.0 = Debug|Any CPU
		{6608C0A8-3E5B-4045-A85A-3CBF46C3A268}.Release|Any CPU.ActiveCfg = Release|Any CPU
		{6608C0A8-3E5B-4045-A85A-3CBF46C3A268}.Release|Any CPU.Build.0 = Release|Any CPU
	EndGlobalSection
	GlobalSection(SolutionProperties) = preSolution
		HideSolutionNode = FALSE
	EndGlobalSection
EndGlobal
